
Microsoft Visual Studio Solution File, Format Version 12.00
# Visual Studio Version 16
VisualStudioVersion = 16.0.29201.188
MinimumVisualStudioVersion = 10.0.40219.1
Project("{FAE04EC0-301F-11D3-BF4B-00C04F79EFBC}") = "RegistrationSystem.UserInterface", "RegistrationSystem.UserInterface\RegistrationSystem.UserInterface.csproj", "{06FA3034-F5D5-4C9B-B310-7FAA6E8A997F}"
EndProject
Project("{FAE04EC0-301F-11D3-BF4B-00C04F79EFBC}") = "RegistrationSystem.Data.Layer", "RegistrationSystem.Data.Layer\RegistrationSystem.Data.Layer.csproj", "{5AE3E63D-B731-4666-93A2-3FC45B084FCD}"
EndProject
Project("{FAE04EC0-301F-11D3-BF4B-00C04F79EFBC}") = "RegistrationSystem.Repository.Layer", "RegistrationSystem.Repository.Layer\RegistrationSystem.Repository.Layer.csproj", "{6F0ED4A8-DF8A-446A-A9DE-1E517A44B3C2}"
EndProject
Project("{FAE04EC0-301F-11D3-BF4B-00C04F79EFBC}") = "RegistrationSystem.Service.Layer", "RegistrationSystem.Service.Layer\RegistrationSystem.Service.Layer.csproj", "{33BFC630-13DA-4D71-A496-619DBB7CB481}"
EndProject
Global
	GlobalSection(SolutionConfigurationPlatforms) = preSolution
		Debug|Any CPU = Debug|Any CPU
		Release|Any CPU = Release|Any CPU
	EndGlobalSection
	GlobalSection(ProjectConfigurationPlatforms) = postSolution
		{06FA3034-F5D5-4C9B-B310-7FAA6E8A997F}.Debug|Any CPU.ActiveCfg = Debug|Any CPU
		{06FA3034-F5D5-4C9B-B310-7FAA6E8A997F}.Debug|Any CPU.Build.0 = Debug|Any CPU
		{06FA3034-F5D5-4C9B-B310-7FAA6E8A997F}.Release|Any CPU.ActiveCfg = Release|Any CPU
		{06FA3034-F5D5-4C9B-B310-7FAA6E8A997F}.Release|Any CPU.Build.0 = Release|Any CPU
		{5AE3E63D-B731-4666-93A2-3FC45B084FCD}.Debug|Any CPU.ActiveCfg = Debug|Any CPU
		{5AE3E63D-B731-4666-93A2-3FC45B084FCD}.Debug|Any CPU.Build.0 = Debug|Any CPU
		{5AE3E63D-B731-4666-93A2-3FC45B084FCD}.Release|Any CPU.ActiveCfg = Release|Any CPU
		{5AE3E63D-B731-4666-93A2-3FC45B084FCD}.Release|Any CPU.Build.0 = Release|Any CPU
		{6F0ED4A8-DF8A-446A-A9DE-1E517A44B3C2}.Debug|Any CPU.ActiveCfg = Debug|Any CPU
		{6F0ED4A8-DF8A-446A-A9DE-1E517A44B3C2}.Debug|Any CPU.Build.0 = Debug|Any CPU
		{6F0ED4A8-DF8A-446A-A9DE-1E517A44B3C2}.Release|Any CPU.ActiveCfg = Release|Any CPU
		{6F0ED4A8-DF8A-446A-A9DE-1E517A44B3C2}.Release|Any CPU.Build.0 = Release|Any CPU
		{33BFC630-13DA-4D71-A496-619DBB7CB481}.Debug|Any CPU.ActiveCfg = Debug|Any CPU
		{33BFC630-13DA-4D71-A496-619DBB7CB481}.Debug|Any CPU.Build.0 = Debug|Any CPU
		{33BFC630-13DA-4D71-A496-619DBB7CB481}.Release|Any CPU.ActiveCfg = Release|Any CPU
		{33BFC630-13DA-4D71-A496-619DBB7CB481}.Release|Any CPU.Build.0 = Release|Any CPU
	EndGlobalSection
	GlobalSection(SolutionProperties) = preSolution
		HideSolutionNode = FALSE
	EndGlobalSection
	GlobalSection(ExtensibilityGlobals) = postSolution
		SolutionGuid = {34BC181E-35E2-4D57-AEF2-75F8EFCE0D40}
	EndGlobalSection
EndGlobal
